// !$*UTF8*$!
{
	archiveVersion = 1;
	classes = {
	};
	objectVersion = 50;
	objects = {

/* Begin PBXBuildFile section */
		121E6993238CD94B00CD6799 /* AuthServiceSetUp.swift in Sources */ = {isa = PBXBuildFile; fileRef = 121E6992238CD94B00CD6799 /* AuthServiceSetUp.swift */; };
		121E6995238CD95C00CD6799 /* FirebaseTaskCollection.swift in Sources */ = {isa = PBXBuildFile; fileRef = 121E6994238CD95C00CD6799 /* FirebaseTaskCollection.swift */; };
		121E699A238CD9F400CD6799 /* UserModel.swift in Sources */ = {isa = PBXBuildFile; fileRef = 121E6999238CD9F400CD6799 /* UserModel.swift */; };
		121E699D238CDA0700CD6799 /* TaskModel.swift in Sources */ = {isa = PBXBuildFile; fileRef = 121E699C238CDA0700CD6799 /* TaskModel.swift */; };
		121E699F238CDA2000CD6799 /* DescriptionModel.swift in Sources */ = {isa = PBXBuildFile; fileRef = 121E699E238CDA2000CD6799 /* DescriptionModel.swift */; };
		121E69A1238CDA3A00CD6799 /* Utilities.swift in Sources */ = {isa = PBXBuildFile; fileRef = 121E69A0238CDA3A00CD6799 /* Utilities.swift */; };
		121E69A4238CDA5000CD6799 /* Constants.swift in Sources */ = {isa = PBXBuildFile; fileRef = 121E69A3238CDA5000CD6799 /* Constants.swift */; };
		121E69A6238CDA5A00CD6799 /* Alerts.swift in Sources */ = {isa = PBXBuildFile; fileRef = 121E69A5238CDA5A00CD6799 /* Alerts.swift */; };
		121E69AA238CDC2400CD6799 /* HomeViewController.swift in Sources */ = {isa = PBXBuildFile; fileRef = 121E69A9238CDC2400CD6799 /* HomeViewController.swift */; };
		121E69AC238CDC3200CD6799 /* InitialViewController.swift in Sources */ = {isa = PBXBuildFile; fileRef = 121E69AB238CDC3200CD6799 /* InitialViewController.swift */; };
		121E69AE238CDC3E00CD6799 /* LoginViewController.swift in Sources */ = {isa = PBXBuildFile; fileRef = 121E69AD238CDC3E00CD6799 /* LoginViewController.swift */; };
		121E69B0238CDC4900CD6799 /* SignUpViewController.swift in Sources */ = {isa = PBXBuildFile; fileRef = 121E69AF238CDC4900CD6799 /* SignUpViewController.swift */; };
		121E69B2238CDC5900CD6799 /* CreateTaskViewController.swift in Sources */ = {isa = PBXBuildFile; fileRef = 121E69B1238CDC5900CD6799 /* CreateTaskViewController.swift */; };
		121E69B4238CDC7800CD6799 /* SettingsViewController.swift in Sources */ = {isa = PBXBuildFile; fileRef = 121E69B3238CDC7800CD6799 /* SettingsViewController.swift */; };
		121E69B6238CDCB800CD6799 /* HomeView.swift in Sources */ = {isa = PBXBuildFile; fileRef = 121E69B5238CDCB800CD6799 /* HomeView.swift */; };
		121E69B8238CDCEF00CD6799 /* CreatePostView.swift in Sources */ = {isa = PBXBuildFile; fileRef = 121E69B7238CDCEF00CD6799 /* CreatePostView.swift */; };
		121E69BA238CDD1600CD6799 /* Cell.swift in Sources */ = {isa = PBXBuildFile; fileRef = 121E69B9238CDD1600CD6799 /* Cell.swift */; };
		126F7382238C900D0007876E /* AppDelegate.swift in Sources */ = {isa = PBXBuildFile; fileRef = 126F7381238C900D0007876E /* AppDelegate.swift */; };
		126F7384238C900D0007876E /* SceneDelegate.swift in Sources */ = {isa = PBXBuildFile; fileRef = 126F7383238C900D0007876E /* SceneDelegate.swift */; };
		126F7389238C900D0007876E /* Main.storyboard in Resources */ = {isa = PBXBuildFile; fileRef = 126F7387238C900D0007876E /* Main.storyboard */; };
		126F738B238C90100007876E /* Assets.xcassets in Resources */ = {isa = PBXBuildFile; fileRef = 126F738A238C90100007876E /* Assets.xcassets */; };
		126F738E238C90100007876E /* LaunchScreen.storyboard in Resources */ = {isa = PBXBuildFile; fileRef = 126F738C238C90100007876E /* LaunchScreen.storyboard */; };
		126F7399238C90110007876E /* Review6_1_FirebasePreThanksgivingTests.swift in Sources */ = {isa = PBXBuildFile; fileRef = 126F7398238C90110007876E /* Review6_1_FirebasePreThanksgivingTests.swift */; };
		126F73A4238C92290007876E /* GoogleService-Info.plist in Resources */ = {isa = PBXBuildFile; fileRef = 126F73A3238C92290007876E /* GoogleService-Info.plist */; };
		12F98C2223AAD8B0009E1EAC /* DetailedViewController.swift in Sources */ = {isa = PBXBuildFile; fileRef = 12F98C2123AAD8B0009E1EAC /* DetailedViewController.swift */; };
		12F98C2423AAD8BD009E1EAC /* DetailedView.swift in Sources */ = {isa = PBXBuildFile; fileRef = 12F98C2323AAD8BD009E1EAC /* DetailedView.swift */; };
		12F98C2623ABD09F009E1EAC /* DirectionsViewController.swift in Sources */ = {isa = PBXBuildFile; fileRef = 12F98C2523ABD09F009E1EAC /* DirectionsViewController.swift */; };
		12F98C2823ABD107009E1EAC /* DirectionsView.swift in Sources */ = {isa = PBXBuildFile; fileRef = 12F98C2723ABD107009E1EAC /* DirectionsView.swift */; };
		12F98C2A23ABD146009E1EAC /* ShedulesViewController.swift in Sources */ = {isa = PBXBuildFile; fileRef = 12F98C2923ABD146009E1EAC /* ShedulesViewController.swift */; };
		876E9B6B18DC8DAAB950D770 /* Pods_Review6_1_FirebasePreThanksgivingTests.framework in Frameworks */ = {isa = PBXBuildFile; fileRef = BAF2DFBF8EA2EEE2ABC0AFCD /* Pods_Review6_1_FirebasePreThanksgivingTests.framework */; };
		92683E4B59A251CA8C2C1F00 /* Pods_Review6_1_FirebasePreThanksgiving.framework in Frameworks */ = {isa = PBXBuildFile; fileRef = E89E23F3D18CA8A4493FE201 /* Pods_Review6_1_FirebasePreThanksgiving.framework */; };
/* End PBXBuildFile section */

/* Begin PBXContainerItemProxy section */
		126F7395238C90110007876E /* PBXContainerItemProxy */ = {
			isa = PBXContainerItemProxy;
			containerPortal = 126F7376238C900D0007876E /* Project object */;
			proxyType = 1;
			remoteGlobalIDString = 126F737D238C900D0007876E;
			remoteInfo = Review6.1.FirebasePreThanksgiving;
		};
/* End PBXContainerItemProxy section */

/* Begin PBXFileReference section */
		04ED1CC1DF4E84BE6614E8A9 /* Pods-Review6.1.FirebasePreThanksgivingTests.release.xcconfig */ = {isa = PBXFileReference; includeInIndex = 1; lastKnownFileType = text.xcconfig; name = "Pods-Review6.1.FirebasePreThanksgivingTests.release.xcconfig"; path = "Target Support Files/Pods-Review6.1.FirebasePreThanksgivingTests/Pods-Review6.1.FirebasePreThanksgivingTests.release.xcconfig"; sourceTree = "<group>"; };
		121E6992238CD94B00CD6799 /* AuthServiceSetUp.swift */ = {isa = PBXFileReference; lastKnownFileType = sourcecode.swift; path = AuthServiceSetUp.swift; sourceTree = "<group>"; };
		121E6994238CD95C00CD6799 /* FirebaseTaskCollection.swift */ = {isa = PBXFileReference; lastKnownFileType = sourcecode.swift; path = FirebaseTaskCollection.swift; sourceTree = "<group>"; };
		121E6999238CD9F400CD6799 /* UserModel.swift */ = {isa = PBXFileReference; lastKnownFileType = sourcecode.swift; path = UserModel.swift; sourceTree = "<group>"; };
		121E699C238CDA0700CD6799 /* TaskModel.swift */ = {isa = PBXFileReference; lastKnownFileType = sourcecode.swift; path = TaskModel.swift; sourceTree = "<group>"; };
		121E699E238CDA2000CD6799 /* DescriptionModel.swift */ = {isa = PBXFileReference; lastKnownFileType = sourcecode.swift; path = DescriptionModel.swift; sourceTree = "<group>"; };
		121E69A0238CDA3A00CD6799 /* Utilities.swift */ = {isa = PBXFileReference; lastKnownFileType = sourcecode.swift; path = Utilities.swift; sourceTree = "<group>"; };
		121E69A3238CDA5000CD6799 /* Constants.swift */ = {isa = PBXFileReference; lastKnownFileType = sourcecode.swift; path = Constants.swift; sourceTree = "<group>"; };
		121E69A5238CDA5A00CD6799 /* Alerts.swift */ = {isa = PBXFileReference; lastKnownFileType = sourcecode.swift; path = Alerts.swift; sourceTree = "<group>"; };
		121E69A9238CDC2400CD6799 /* HomeViewController.swift */ = {isa = PBXFileReference; lastKnownFileType = sourcecode.swift; path = HomeViewController.swift; sourceTree = "<group>"; };
		121E69AB238CDC3200CD6799 /* InitialViewController.swift */ = {isa = PBXFileReference; lastKnownFileType = sourcecode.swift; path = InitialViewController.swift; sourceTree = "<group>"; };
		121E69AD238CDC3E00CD6799 /* LoginViewController.swift */ = {isa = PBXFileReference; lastKnownFileType = sourcecode.swift; path = LoginViewController.swift; sourceTree = "<group>"; };
		121E69AF238CDC4900CD6799 /* SignUpViewController.swift */ = {isa = PBXFileReference; lastKnownFileType = sourcecode.swift; path = SignUpViewController.swift; sourceTree = "<group>"; };
		121E69B1238CDC5900CD6799 /* CreateTaskViewController.swift */ = {isa = PBXFileReference; lastKnownFileType = sourcecode.swift; path = CreateTaskViewController.swift; sourceTree = "<group>"; };
		121E69B3238CDC7800CD6799 /* SettingsViewController.swift */ = {isa = PBXFileReference; lastKnownFileType = sourcecode.swift; path = SettingsViewController.swift; sourceTree = "<group>"; };
		121E69B5238CDCB800CD6799 /* HomeView.swift */ = {isa = PBXFileReference; lastKnownFileType = sourcecode.swift; path = HomeView.swift; sourceTree = "<group>"; };
		121E69B7238CDCEF00CD6799 /* CreatePostView.swift */ = {isa = PBXFileReference; lastKnownFileType = sourcecode.swift; path = CreatePostView.swift; sourceTree = "<group>"; };
		121E69B9238CDD1600CD6799 /* Cell.swift */ = {isa = PBXFileReference; lastKnownFileType = sourcecode.swift; path = Cell.swift; sourceTree = "<group>"; };
		126F737E238C900D0007876E /* Review6.1.FirebasePreThanksgiving.app */ = {isa = PBXFileReference; explicitFileType = wrapper.application; includeInIndex = 0; path = Review6.1.FirebasePreThanksgiving.app; sourceTree = BUILT_PRODUCTS_DIR; };
		126F7381238C900D0007876E /* AppDelegate.swift */ = {isa = PBXFileReference; lastKnownFileType = sourcecode.swift; path = AppDelegate.swift; sourceTree = "<group>"; };
		126F7383238C900D0007876E /* SceneDelegate.swift */ = {isa = PBXFileReference; lastKnownFileType = sourcecode.swift; path = SceneDelegate.swift; sourceTree = "<group>"; };
		126F7388238C900D0007876E /* Base */ = {isa = PBXFileReference; lastKnownFileType = file.storyboard; name = Base; path = Base.lproj/Main.storyboard; sourceTree = "<group>"; };
		126F738A238C90100007876E /* Assets.xcassets */ = {isa = PBXFileReference; lastKnownFileType = folder.assetcatalog; path = Assets.xcassets; sourceTree = "<group>"; };
		126F738D238C90100007876E /* Base */ = {isa = PBXFileReference; lastKnownFileType = file.storyboard; name = Base; path = Base.lproj/LaunchScreen.storyboard; sourceTree = "<group>"; };
		126F738F238C90100007876E /* Info.plist */ = {isa = PBXFileReference; lastKnownFileType = text.plist.xml; path = Info.plist; sourceTree = "<group>"; };
		126F7394238C90110007876E /* Review6.1.FirebasePreThanksgivingTests.xctest */ = {isa = PBXFileReference; explicitFileType = wrapper.cfbundle; includeInIndex = 0; path = Review6.1.FirebasePreThanksgivingTests.xctest; sourceTree = BUILT_PRODUCTS_DIR; };
		126F7398238C90110007876E /* Review6_1_FirebasePreThanksgivingTests.swift */ = {isa = PBXFileReference; lastKnownFileType = sourcecode.swift; path = Review6_1_FirebasePreThanksgivingTests.swift; sourceTree = "<group>"; };
		126F739A238C90110007876E /* Info.plist */ = {isa = PBXFileReference; lastKnownFileType = text.plist.xml; path = Info.plist; sourceTree = "<group>"; };
		126F73A3238C92290007876E /* GoogleService-Info.plist */ = {isa = PBXFileReference; fileEncoding = 4; lastKnownFileType = text.plist.xml; path = "GoogleService-Info.plist"; sourceTree = "<group>"; };
		12F98C2123AAD8B0009E1EAC /* DetailedViewController.swift */ = {isa = PBXFileReference; lastKnownFileType = sourcecode.swift; path = DetailedViewController.swift; sourceTree = "<group>"; };
		12F98C2323AAD8BD009E1EAC /* DetailedView.swift */ = {isa = PBXFileReference; lastKnownFileType = sourcecode.swift; path = DetailedView.swift; sourceTree = "<group>"; };
		12F98C2523ABD09F009E1EAC /* DirectionsViewController.swift */ = {isa = PBXFileReference; lastKnownFileType = sourcecode.swift; path = DirectionsViewController.swift; sourceTree = "<group>"; };
		12F98C2723ABD107009E1EAC /* DirectionsView.swift */ = {isa = PBXFileReference; lastKnownFileType = sourcecode.swift; path = DirectionsView.swift; sourceTree = "<group>"; };
		12F98C2923ABD146009E1EAC /* ShedulesViewController.swift */ = {isa = PBXFileReference; lastKnownFileType = sourcecode.swift; path = ShedulesViewController.swift; sourceTree = "<group>"; };
		3AA70C710EB31BE80C555B2D /* Pods-Review6.1.FirebasePreThanksgiving.release.xcconfig */ = {isa = PBXFileReference; includeInIndex = 1; lastKnownFileType = text.xcconfig; name = "Pods-Review6.1.FirebasePreThanksgiving.release.xcconfig"; path = "Target Support Files/Pods-Review6.1.FirebasePreThanksgiving/Pods-Review6.1.FirebasePreThanksgiving.release.xcconfig"; sourceTree = "<group>"; };
		9F53EBBF865B9AE256E8017B /* Pods-Review6.1.FirebasePreThanksgiving.debug.xcconfig */ = {isa = PBXFileReference; includeInIndex = 1; lastKnownFileType = text.xcconfig; name = "Pods-Review6.1.FirebasePreThanksgiving.debug.xcconfig"; path = "Target Support Files/Pods-Review6.1.FirebasePreThanksgiving/Pods-Review6.1.FirebasePreThanksgiving.debug.xcconfig"; sourceTree = "<group>"; };
		BAF2DFBF8EA2EEE2ABC0AFCD /* Pods_Review6_1_FirebasePreThanksgivingTests.framework */ = {isa = PBXFileReference; explicitFileType = wrapper.framework; includeInIndex = 0; path = Pods_Review6_1_FirebasePreThanksgivingTests.framework; sourceTree = BUILT_PRODUCTS_DIR; };
		CC7E3C72752E877C84097533 /* Pods-Review6.1.FirebasePreThanksgivingTests.debug.xcconfig */ = {isa = PBXFileReference; includeInIndex = 1; lastKnownFileType = text.xcconfig; name = "Pods-Review6.1.FirebasePreThanksgivingTests.debug.xcconfig"; path = "Target Support Files/Pods-Review6.1.FirebasePreThanksgivingTests/Pods-Review6.1.FirebasePreThanksgivingTests.debug.xcconfig"; sourceTree = "<group>"; };
		E89E23F3D18CA8A4493FE201 /* Pods_Review6_1_FirebasePreThanksgiving.framework */ = {isa = PBXFileReference; explicitFileType = wrapper.framework; includeInIndex = 0; path = Pods_Review6_1_FirebasePreThanksgiving.framework; sourceTree = BUILT_PRODUCTS_DIR; };
/* End PBXFileReference section */

/* Begin PBXFrameworksBuildPhase section */
		126F737B238C900D0007876E /* Frameworks */ = {
			isa = PBXFrameworksBuildPhase;
			buildActionMask = 2147483647;
			files = (
				92683E4B59A251CA8C2C1F00 /* Pods_Review6_1_FirebasePreThanksgiving.framework in Frameworks */,
			);
			runOnlyForDeploymentPostprocessing = 0;
		};
		126F7391238C90110007876E /* Frameworks */ = {
			isa = PBXFrameworksBuildPhase;
			buildActionMask = 2147483647;
			files = (
				876E9B6B18DC8DAAB950D770 /* Pods_Review6_1_FirebasePreThanksgivingTests.framework in Frameworks */,
			);
			runOnlyForDeploymentPostprocessing = 0;
		};
/* End PBXFrameworksBuildPhase section */

/* Begin PBXGroup section */
		07B40BBCED7757C0639274D1 /* Pods */ = {
			isa = PBXGroup;
			children = (
				9F53EBBF865B9AE256E8017B /* Pods-Review6.1.FirebasePreThanksgiving.debug.xcconfig */,
				3AA70C710EB31BE80C555B2D /* Pods-Review6.1.FirebasePreThanksgiving.release.xcconfig */,
				CC7E3C72752E877C84097533 /* Pods-Review6.1.FirebasePreThanksgivingTests.debug.xcconfig */,
				04ED1CC1DF4E84BE6614E8A9 /* Pods-Review6.1.FirebasePreThanksgivingTests.release.xcconfig */,
			);
			path = Pods;
			sourceTree = "<group>";
		};
		121E6991238CD91100CD6799 /* FirebaseUtilities */ = {
			isa = PBXGroup;
			children = (
				126F7381238C900D0007876E /* AppDelegate.swift */,
				121E6992238CD94B00CD6799 /* AuthServiceSetUp.swift */,
				121E6994238CD95C00CD6799 /* FirebaseTaskCollection.swift */,
				126F7383238C900D0007876E /* SceneDelegate.swift */,
			);
			path = FirebaseUtilities;
			sourceTree = "<group>";
		};
		121E6996238CD96600CD6799 /* Controllers */ = {
			isa = PBXGroup;
			children = (
				121E69AF238CDC4900CD6799 /* SignUpViewController.swift */,
				121E69AD238CDC3E00CD6799 /* LoginViewController.swift */,
				12F98C2923ABD146009E1EAC /* ShedulesViewController.swift */,
				12F98C2523ABD09F009E1EAC /* DirectionsViewController.swift */,
				121E69A9238CDC2400CD6799 /* HomeViewController.swift */,
				12F98C2123AAD8B0009E1EAC /* DetailedViewController.swift */,
				121E69B3238CDC7800CD6799 /* SettingsViewController.swift */,
				121E69AB238CDC3200CD6799 /* InitialViewController.swift */,
				121E69B1238CDC5900CD6799 /* CreateTaskViewController.swift */,
			);
			path = Controllers;
			sourceTree = "<group>";
		};
		121E6997238CD97900CD6799 /* Views */ = {
			isa = PBXGroup;
			children = (
				126F7387238C900D0007876E /* Main.storyboard */,
				121E69B5238CDCB800CD6799 /* HomeView.swift */,
				12F98C2723ABD107009E1EAC /* DirectionsView.swift */,
				121E69B7238CDCEF00CD6799 /* CreatePostView.swift */,
				12F98C2323AAD8BD009E1EAC /* DetailedView.swift */,
				121E69B9238CDD1600CD6799 /* Cell.swift */,
			);
			path = Views;
			sourceTree = "<group>";
		};
		121E6998238CD98E00CD6799 /* Extras */ = {
			isa = PBXGroup;
			children = (
				126F738A238C90100007876E /* Assets.xcassets */,
				126F738C238C90100007876E /* LaunchScreen.storyboard */,
			);
			path = Extras;
			sourceTree = "<group>";
		};
		121E699B238CD9FB00CD6799 /* Models */ = {
			isa = PBXGroup;
			children = (
				121E6999238CD9F400CD6799 /* UserModel.swift */,
				121E699C238CDA0700CD6799 /* TaskModel.swift */,
				121E699E238CDA2000CD6799 /* DescriptionModel.swift */,
			);
			path = Models;
			sourceTree = "<group>";
		};
		121E69A2238CDA4100CD6799 /* Utilities */ = {
			isa = PBXGroup;
			children = (
				121E69A0238CDA3A00CD6799 /* Utilities.swift */,
				121E69A3238CDA5000CD6799 /* Constants.swift */,
				121E69A5238CDA5A00CD6799 /* Alerts.swift */,
			);
			path = Utilities;
			sourceTree = "<group>";
		};
		126F7375238C900D0007876E = {
			isa = PBXGroup;
			children = (
				126F7380238C900D0007876E /* Review6.1.FirebasePreThanksgiving */,
				126F7397238C90110007876E /* Review6.1.FirebasePreThanksgivingTests */,
				126F737F238C900D0007876E /* Products */,
				07B40BBCED7757C0639274D1 /* Pods */,
				AD57242353C4A13C1901A47A /* Frameworks */,
			);
			sourceTree = "<group>";
		};
		126F737F238C900D0007876E /* Products */ = {
			isa = PBXGroup;
			children = (
				126F737E238C900D0007876E /* Review6.1.FirebasePreThanksgiving.app */,
				126F7394238C90110007876E /* Review6.1.FirebasePreThanksgivingTests.xctest */,
			);
			name = Products;
			sourceTree = "<group>";
		};
		126F7380238C900D0007876E /* Review6.1.FirebasePreThanksgiving */ = {
			isa = PBXGroup;
			children = (
				121E69A2238CDA4100CD6799 /* Utilities */,
				121E699B238CD9FB00CD6799 /* Models */,
				121E6991238CD91100CD6799 /* FirebaseUtilities */,
				121E6996238CD96600CD6799 /* Controllers */,
				121E6997238CD97900CD6799 /* Views */,
				121E6998238CD98E00CD6799 /* Extras */,
				126F73A3238C92290007876E /* GoogleService-Info.plist */,
				126F738F238C90100007876E /* Info.plist */,
			);
			path = Review6.1.FirebasePreThanksgiving;
			sourceTree = "<group>";
		};
		126F7397238C90110007876E /* Review6.1.FirebasePreThanksgivingTests */ = {
			isa = PBXGroup;
			children = (
				126F7398238C90110007876E /* Review6_1_FirebasePreThanksgivingTests.swift */,
				126F739A238C90110007876E /* Info.plist */,
			);
			path = Review6.1.FirebasePreThanksgivingTests;
			sourceTree = "<group>";
		};
		AD57242353C4A13C1901A47A /* Frameworks */ = {
			isa = PBXGroup;
			children = (
				E89E23F3D18CA8A4493FE201 /* Pods_Review6_1_FirebasePreThanksgiving.framework */,
				BAF2DFBF8EA2EEE2ABC0AFCD /* Pods_Review6_1_FirebasePreThanksgivingTests.framework */,
			);
			name = Frameworks;
			sourceTree = "<group>";
		};
/* End PBXGroup section */

/* Begin PBXNativeTarget section */
		126F737D238C900D0007876E /* Review6.1.FirebasePreThanksgiving */ = {
			isa = PBXNativeTarget;
			buildConfigurationList = 126F739D238C90110007876E /* Build configuration list for PBXNativeTarget "Review6.1.FirebasePreThanksgiving" */;
			buildPhases = (
				23F1293ADCD138F16547B868 /* [CP] Check Pods Manifest.lock */,
				126F737A238C900D0007876E /* Sources */,
				126F737B238C900D0007876E /* Frameworks */,
				126F737C238C900D0007876E /* Resources */,
				3DDEA3069668F3A2B82B2DDF /* [CP] Embed Pods Frameworks */,
			);
			buildRules = (
			);
			dependencies = (
			);
			name = Review6.1.FirebasePreThanksgiving;
			productName = Review6.1.FirebasePreThanksgiving;
			productReference = 126F737E238C900D0007876E /* Review6.1.FirebasePreThanksgiving.app */;
			productType = "com.apple.product-type.application";
		};
		126F7393238C90110007876E /* Review6.1.FirebasePreThanksgivingTests */ = {
			isa = PBXNativeTarget;
			buildConfigurationList = 126F73A0238C90110007876E /* Build configuration list for PBXNativeTarget "Review6.1.FirebasePreThanksgivingTests" */;
			buildPhases = (
				9EB59C27D10854678AE01D7A /* [CP] Check Pods Manifest.lock */,
				126F7390238C90110007876E /* Sources */,
				126F7391238C90110007876E /* Frameworks */,
				126F7392238C90110007876E /* Resources */,
			);
			buildRules = (
			);
			dependencies = (
				126F7396238C90110007876E /* PBXTargetDependency */,
			);
			name = Review6.1.FirebasePreThanksgivingTests;
			productName = Review6.1.FirebasePreThanksgivingTests;
			productReference = 126F7394238C90110007876E /* Review6.1.FirebasePreThanksgivingTests.xctest */;
			productType = "com.apple.product-type.bundle.unit-test";
		};
/* End PBXNativeTarget section */

/* Begin PBXProject section */
		126F7376238C900D0007876E /* Project object */ = {
			isa = PBXProject;
			attributes = {
				LastSwiftUpdateCheck = 1100;
				LastUpgradeCheck = 1100;
				ORGANIZATIONNAME = Olimpia;
				TargetAttributes = {
					126F737D238C900D0007876E = {
						CreatedOnToolsVersion = 11.0;
					};
					126F7393238C90110007876E = {
						CreatedOnToolsVersion = 11.0;
						TestTargetID = 126F737D238C900D0007876E;
					};
				};
			};
			buildConfigurationList = 126F7379238C900D0007876E /* Build configuration list for PBXProject "Review6.1.FirebasePreThanksgiving" */;
			compatibilityVersion = "Xcode 9.3";
			developmentRegion = en;
			hasScannedForEncodings = 0;
			knownRegions = (
				en,
				Base,
			);
			mainGroup = 126F7375238C900D0007876E;
			productRefGroup = 126F737F238C900D0007876E /* Products */;
			projectDirPath = "";
			projectRoot = "";
			targets = (
				126F737D238C900D0007876E /* Review6.1.FirebasePreThanksgiving */,
				126F7393238C90110007876E /* Review6.1.FirebasePreThanksgivingTests */,
			);
		};
/* End PBXProject section */

/* Begin PBXResourcesBuildPhase section */
		126F737C238C900D0007876E /* Resources */ = {
			isa = PBXResourcesBuildPhase;
			buildActionMask = 2147483647;
			files = (
				126F73A4238C92290007876E /* GoogleService-Info.plist in Resources */,
				126F738E238C90100007876E /* LaunchScreen.storyboard in Resources */,
				126F738B238C90100007876E /* Assets.xcassets in Resources */,
				126F7389238C900D0007876E /* Main.storyboard in Resources */,
			);
			runOnlyForDeploymentPostprocessing = 0;
		};
		126F7392238C90110007876E /* Resources */ = {
			isa = PBXResourcesBuildPhase;
			buildActionMask = 2147483647;
			files = (
			);
			runOnlyForDeploymentPostprocessing = 0;
		};
/* End PBXResourcesBuildPhase section */

/* Begin PBXShellScriptBuildPhase section */
		23F1293ADCD138F16547B868 /* [CP] Check Pods Manifest.lock */ = {
			isa = PBXShellScriptBuildPhase;
			buildActionMask = 2147483647;
			files = (
			);
			inputFileListPaths = (
			);
			inputPaths = (
				"${PODS_PODFILE_DIR_PATH}/Podfile.lock",
				"${PODS_ROOT}/Manifest.lock",
			);
			name = "[CP] Check Pods Manifest.lock";
			outputFileListPaths = (
			);
			outputPaths = (
				"$(DERIVED_FILE_DIR)/Pods-Review6.1.FirebasePreThanksgiving-checkManifestLockResult.txt",
			);
			runOnlyForDeploymentPostprocessing = 0;
			shellPath = /bin/sh;
			shellScript = "diff \"${PODS_PODFILE_DIR_PATH}/Podfile.lock\" \"${PODS_ROOT}/Manifest.lock\" > /dev/null\nif [ $? != 0 ] ; then\n    # print error to STDERR\n    echo \"error: The sandbox is not in sync with the Podfile.lock. Run 'pod install' or update your CocoaPods installation.\" >&2\n    exit 1\nfi\n# This output is used by Xcode 'outputs' to avoid re-running this script phase.\necho \"SUCCESS\" > \"${SCRIPT_OUTPUT_FILE_0}\"\n";
			showEnvVarsInLog = 0;
		};
		3DDEA3069668F3A2B82B2DDF /* [CP] Embed Pods Frameworks */ = {
			isa = PBXShellScriptBuildPhase;
			buildActionMask = 2147483647;
			files = (
			);
			inputFileListPaths = (
			);
			inputPaths = (
				"${PODS_ROOT}/Target Support Files/Pods-Review6.1.FirebasePreThanksgiving/Pods-Review6.1.FirebasePreThanksgiving-frameworks.sh",
				"${BUILT_PRODUCTS_DIR}/BoringSSL-GRPC/openssl_grpc.framework",
				"${BUILT_PRODUCTS_DIR}/ExpandingMenu/ExpandingMenu.framework",
				"${BUILT_PRODUCTS_DIR}/GTMSessionFetcher/GTMSessionFetcher.framework",
				"${BUILT_PRODUCTS_DIR}/GoogleUtilities/GoogleUtilities.framework",
				"${BUILT_PRODUCTS_DIR}/Protobuf/Protobuf.framework",
				"${BUILT_PRODUCTS_DIR}/gRPC-C++/grpcpp.framework",
				"${BUILT_PRODUCTS_DIR}/gRPC-Core/grpc.framework",
				"${BUILT_PRODUCTS_DIR}/leveldb-library/leveldb.framework",
				"${BUILT_PRODUCTS_DIR}/nanopb/nanopb.framework",
			);
			name = "[CP] Embed Pods Frameworks";
			outputFileListPaths = (
			);
			outputPaths = (
				"${TARGET_BUILD_DIR}/${FRAMEWORKS_FOLDER_PATH}/openssl_grpc.framework",
				"${TARGET_BUILD_DIR}/${FRAMEWORKS_FOLDER_PATH}/ExpandingMenu.framework",
				"${TARGET_BUILD_DIR}/${FRAMEWORKS_FOLDER_PATH}/GTMSessionFetcher.framework",
				"${TARGET_BUILD_DIR}/${FRAMEWORKS_FOLDER_PATH}/GoogleUtilities.framework",
				"${TARGET_BUILD_DIR}/${FRAMEWORKS_FOLDER_PATH}/Protobuf.framework",
				"${TARGET_BUILD_DIR}/${FRAMEWORKS_FOLDER_PATH}/grpcpp.framework",
				"${TARGET_BUILD_DIR}/${FRAMEWORKS_FOLDER_PATH}/grpc.framework",
				"${TARGET_BUILD_DIR}/${FRAMEWORKS_FOLDER_PATH}/leveldb.framework",
				"${TARGET_BUILD_DIR}/${FRAMEWORKS_FOLDER_PATH}/nanopb.framework",
			);
			runOnlyForDeploymentPostprocessing = 0;
			shellPath = /bin/sh;
			shellScript = "\"${PODS_ROOT}/Target Support Files/Pods-Review6.1.FirebasePreThanksgiving/Pods-Review6.1.FirebasePreThanksgiving-frameworks.sh\"\n";
			showEnvVarsInLog = 0;
		};
		9EB59C27D10854678AE01D7A /* [CP] Check Pods Manifest.lock */ = {
			isa = PBXShellScriptBuildPhase;
			buildActionMask = 2147483647;
			files = (
			);
			inputFileListPaths = (
			);
			inputPaths = (
				"${PODS_PODFILE_DIR_PATH}/Podfile.lock",
				"${PODS_ROOT}/Manifest.lock",
			);
			name = "[CP] Check Pods Manifest.lock";
			outputFileListPaths = (
			);
			outputPaths = (
				"$(DERIVED_FILE_DIR)/Pods-Review6.1.FirebasePreThanksgivingTests-checkManifestLockResult.txt",
			);
			runOnlyForDeploymentPostprocessing = 0;
			shellPath = /bin/sh;
			shellScript = "diff \"${PODS_PODFILE_DIR_PATH}/Podfile.lock\" \"${PODS_ROOT}/Manifest.lock\" > /dev/null\nif [ $? != 0 ] ; then\n    # print error to STDERR\n    echo \"error: The sandbox is not in sync with the Podfile.lock. Run 'pod install' or update your CocoaPods installation.\" >&2\n    exit 1\nfi\n# This output is used by Xcode 'outputs' to avoid re-running this script phase.\necho \"SUCCESS\" > \"${SCRIPT_OUTPUT_FILE_0}\"\n";
			showEnvVarsInLog = 0;
		};
/* End PBXShellScriptBuildPhase section */

/* Begin PBXSourcesBuildPhase section */
		126F737A238C900D0007876E /* Sources */ = {
			isa = PBXSourcesBuildPhase;
			buildActionMask = 2147483647;
			files = (
				121E6993238CD94B00CD6799 /* AuthServiceSetUp.swift in Sources */,
				126F7382238C900D0007876E /* AppDelegate.swift in Sources */,
				12F98C2823ABD107009E1EAC /* DirectionsView.swift in Sources */,
				12F98C2223AAD8B0009E1EAC /* DetailedViewController.swift in Sources */,
				121E6995238CD95C00CD6799 /* FirebaseTaskCollection.swift in Sources */,
				12F98C2423AAD8BD009E1EAC /* DetailedView.swift in Sources */,
				121E69AC238CDC3200CD6799 /* InitialViewController.swift in Sources */,
				121E699A238CD9F400CD6799 /* UserModel.swift in Sources */,
				121E69B6238CDCB800CD6799 /* HomeView.swift in Sources */,
				121E69A4238CDA5000CD6799 /* Constants.swift in Sources */,
				126F7384238C900D0007876E /* SceneDelegate.swift in Sources */,
				121E69B4238CDC7800CD6799 /* SettingsViewController.swift in Sources */,
				121E69A1238CDA3A00CD6799 /* Utilities.swift in Sources */,
				121E69B0238CDC4900CD6799 /* SignUpViewController.swift in Sources */,
				121E69AA238CDC2400CD6799 /* HomeViewController.swift in Sources */,
				12F98C2623ABD09F009E1EAC /* DirectionsViewController.swift in Sources */,
				121E699F238CDA2000CD6799 /* DescriptionModel.swift in Sources */,
				121E69A6238CDA5A00CD6799 /* Alerts.swift in Sources */,
				121E69B8238CDCEF00CD6799 /* CreatePostView.swift in Sources */,
				12F98C2A23ABD146009E1EAC /* ShedulesViewController.swift in Sources */,
				121E69AE238CDC3E00CD6799 /* LoginViewController.swift in Sources */,
				121E699D238CDA0700CD6799 /* TaskModel.swift in Sources */,
				121E69B2238CDC5900CD6799 /* CreateTaskViewController.swift in Sources */,
				121E69BA238CDD1600CD6799 /* Cell.swift in Sources */,
			);
			runOnlyForDeploymentPostprocessing = 0;
		};
		126F7390238C90110007876E /* Sources */ = {
			isa = PBXSourcesBuildPhase;
			buildActionMask = 2147483647;
			files = (
				126F7399238C90110007876E /* Review6_1_FirebasePreThanksgivingTests.swift in Sources */,
			);
			runOnlyForDeploymentPostprocessing = 0;
		};
/* End PBXSourcesBuildPhase section */

/* Begin PBXTargetDependency section */
		126F7396238C90110007876E /* PBXTargetDependency */ = {
			isa = PBXTargetDependency;
			target = 126F737D238C900D0007876E /* Review6.1.FirebasePreThanksgiving */;
			targetProxy = 126F7395238C90110007876E /* PBXContainerItemProxy */;
		};
/* End PBXTargetDependency section */

/* Begin PBXVariantGroup section */
		126F7387238C900D0007876E /* Main.storyboard */ = {
			isa = PBXVariantGroup;
			children = (
				126F7388238C900D0007876E /* Base */,
			);
			name = Main.storyboard;
			sourceTree = "<group>";
		};
		126F738C238C90100007876E /* LaunchScreen.storyboard */ = {
			isa = PBXVariantGroup;
			children = (
				126F738D238C90100007876E /* Base */,
			);
			name = LaunchScreen.storyboard;
			sourceTree = "<group>";
		};
/* End PBXVariantGroup section */

/* Begin XCBuildConfiguration section */
		126F739B238C90110007876E /* Debug */ = {
			isa = XCBuildConfiguration;
			buildSettings = {
				ALWAYS_SEARCH_USER_PATHS = NO;
				CLANG_ANALYZER_NONNULL = YES;
				CLANG_ANALYZER_NUMBER_OBJECT_CONVERSION = YES_AGGRESSIVE;
				CLANG_CXX_LANGUAGE_STANDARD = "gnu++14";
				CLANG_CXX_LIBRARY = "libc++";
				CLANG_ENABLE_MODULES = YES;
				CLANG_ENABLE_OBJC_ARC = YES;
				CLANG_ENABLE_OBJC_WEAK = YES;
				CLANG_WARN_BLOCK_CAPTURE_AUTORELEASING = YES;
				CLANG_WARN_BOOL_CONVERSION = YES;
				CLANG_WARN_COMMA = YES;
				CLANG_WARN_CONSTANT_CONVERSION = YES;
				CLANG_WARN_DEPRECATED_OBJC_IMPLEMENTATIONS = YES;
				CLANG_WARN_DIRECT_OBJC_ISA_USAGE = YES_ERROR;
				CLANG_WARN_DOCUMENTATION_COMMENTS = YES;
				CLANG_WARN_EMPTY_BODY = YES;
				CLANG_WARN_ENUM_CONVERSION = YES;
				CLANG_WARN_INFINITE_RECURSION = YES;
				CLANG_WARN_INT_CONVERSION = YES;
				CLANG_WARN_NON_LITERAL_NULL_CONVERSION = YES;
				CLANG_WARN_OBJC_IMPLICIT_RETAIN_SELF = YES;
				CLANG_WARN_OBJC_LITERAL_CONVERSION = YES;
				CLANG_WARN_OBJC_ROOT_CLASS = YES_ERROR;
				CLANG_WARN_RANGE_LOOP_ANALYSIS = YES;
				CLANG_WARN_STRICT_PROTOTYPES = YES;
				CLANG_WARN_SUSPICIOUS_MOVE = YES;
				CLANG_WARN_UNGUARDED_AVAILABILITY = YES_AGGRESSIVE;
				CLANG_WARN_UNREACHABLE_CODE = YES;
				CLANG_WARN__DUPLICATE_METHOD_MATCH = YES;
				COPY_PHASE_STRIP = NO;
				DEBUG_INFORMATION_FORMAT = dwarf;
				ENABLE_STRICT_OBJC_MSGSEND = YES;
				ENABLE_TESTABILITY = YES;
				GCC_C_LANGUAGE_STANDARD = gnu11;
				GCC_DYNAMIC_NO_PIC = NO;
				GCC_NO_COMMON_BLOCKS = YES;
				GCC_OPTIMIZATION_LEVEL = 0;
				GCC_PREPROCESSOR_DEFINITIONS = (
					"DEBUG=1",
					"$(inherited)",
				);
				GCC_WARN_64_TO_32_BIT_CONVERSION = YES;
				GCC_WARN_ABOUT_RETURN_TYPE = YES_ERROR;
				GCC_WARN_UNDECLARED_SELECTOR = YES;
				GCC_WARN_UNINITIALIZED_AUTOS = YES_AGGRESSIVE;
				GCC_WARN_UNUSED_FUNCTION = YES;
				GCC_WARN_UNUSED_VARIABLE = YES;
				IPHONEOS_DEPLOYMENT_TARGET = 13.0;
				MTL_ENABLE_DEBUG_INFO = INCLUDE_SOURCE;
				MTL_FAST_MATH = YES;
				ONLY_ACTIVE_ARCH = YES;
				SDKROOT = iphoneos;
				SWIFT_ACTIVE_COMPILATION_CONDITIONS = DEBUG;
				SWIFT_OPTIMIZATION_LEVEL = "-Onone";
			};
			name = Debug;
		};
		126F739C238C90110007876E /* Release */ = {
			isa = XCBuildConfiguration;
			buildSettings = {
				ALWAYS_SEARCH_USER_PATHS = NO;
				CLANG_ANALYZER_NONNULL = YES;
				CLANG_ANALYZER_NUMBER_OBJECT_CONVERSION = YES_AGGRESSIVE;
				CLANG_CXX_LANGUAGE_STANDARD = "gnu++14";
				CLANG_CXX_LIBRARY = "libc++";
				CLANG_ENABLE_MODULES = YES;
				CLANG_ENABLE_OBJC_ARC = YES;
				CLANG_ENABLE_OBJC_WEAK = YES;
				CLANG_WARN_BLOCK_CAPTURE_AUTORELEASING = YES;
				CLANG_WARN_BOOL_CONVERSION = YES;
				CLANG_WARN_COMMA = YES;
				CLANG_WARN_CONSTANT_CONVERSION = YES;
				CLANG_WARN_DEPRECATED_OBJC_IMPLEMENTATIONS = YES;
				CLANG_WARN_DIRECT_OBJC_ISA_USAGE = YES_ERROR;
				CLANG_WARN_DOCUMENTATION_COMMENTS = YES;
				CLANG_WARN_EMPTY_BODY = YES;
				CLANG_WARN_ENUM_CONVERSION = YES;
				CLANG_WARN_INFINITE_RECURSION = YES;
				CLANG_WARN_INT_CONVERSION = YES;
				CLANG_WARN_NON_LITERAL_NULL_CONVERSION = YES;
				CLANG_WARN_OBJC_IMPLICIT_RETAIN_SELF = YES;
				CLANG_WARN_OBJC_LITERAL_CONVERSION = YES;
				CLANG_WARN_OBJC_ROOT_CLASS = YES_ERROR;
				CLANG_WARN_RANGE_LOOP_ANALYSIS = YES;
				CLANG_WARN_STRICT_PROTOTYPES = YES;
				CLANG_WARN_SUSPICIOUS_MOVE = YES;
				CLANG_WARN_UNGUARDED_AVAILABILITY = YES_AGGRESSIVE;
				CLANG_WARN_UNREACHABLE_CODE = YES;
				CLANG_WARN__DUPLICATE_METHOD_MATCH = YES;
				COPY_PHASE_STRIP = NO;
				DEBUG_INFORMATION_FORMAT = "dwarf-with-dsym";
				ENABLE_NS_ASSERTIONS = NO;
				ENABLE_STRICT_OBJC_MSGSEND = YES;
				GCC_C_LANGUAGE_STANDARD = gnu11;
				GCC_NO_COMMON_BLOCKS = YES;
				GCC_WARN_64_TO_32_BIT_CONVERSION = YES;
				GCC_WARN_ABOUT_RETURN_TYPE = YES_ERROR;
				GCC_WARN_UNDECLARED_SELECTOR = YES;
				GCC_WARN_UNINITIALIZED_AUTOS = YES_AGGRESSIVE;
				GCC_WARN_UNUSED_FUNCTION = YES;
				GCC_WARN_UNUSED_VARIABLE = YES;
				IPHONEOS_DEPLOYMENT_TARGET = 13.0;
				MTL_ENABLE_DEBUG_INFO = NO;
				MTL_FAST_MATH = YES;
				SDKROOT = iphoneos;
				SWIFT_COMPILATION_MODE = wholemodule;
				SWIFT_OPTIMIZATION_LEVEL = "-O";
				VALIDATE_PRODUCT = YES;
			};
			name = Release;
		};
		126F739E238C90110007876E /* Debug */ = {
			isa = XCBuildConfiguration;
			baseConfigurationReference = 9F53EBBF865B9AE256E8017B /* Pods-Review6.1.FirebasePreThanksgiving.debug.xcconfig */;
			buildSettings = {
				ASSETCATALOG_COMPILER_APPICON_NAME = AppIcon;
				CODE_SIGN_STYLE = Automatic;
				DEVELOPMENT_TEAM = 427QA2XMX6;
				INFOPLIST_FILE = Review6.1.FirebasePreThanksgiving/Info.plist;
				LD_RUNPATH_SEARCH_PATHS = (
					"$(inherited)",
					"@executable_path/Frameworks",
				);
				PRODUCT_BUNDLE_IDENTIFIER = "Olimpia.Review6-1-FirebasePreThanksgiving";
				PRODUCT_NAME = "$(TARGET_NAME)";
				SWIFT_VERSION = 5.0;
				TARGETED_DEVICE_FAMILY = "1,2";
			};
			name = Debug;
		};
		126F739F238C90110007876E /* Release */ = {
			isa = XCBuildConfiguration;
			baseConfigurationReference = 3AA70C710EB31BE80C555B2D /* Pods-Review6.1.FirebasePreThanksgiving.release.xcconfig */;
			buildSettings = {
				ASSETCATALOG_COMPILER_APPICON_NAME = AppIcon;
				CODE_SIGN_STYLE = Automatic;
				DEVELOPMENT_TEAM = 427QA2XMX6;
				INFOPLIST_FILE = Review6.1.FirebasePreThanksgiving/Info.plist;
				LD_RUNPATH_SEARCH_PATHS = (
					"$(inherited)",
					"@executable_path/Frameworks",
				);
				PRODUCT_BUNDLE_IDENTIFIER = "Olimpia.Review6-1-FirebasePreThanksgiving";
				PRODUCT_NAME = "$(TARGET_NAME)";
				SWIFT_VERSION = 5.0;
				TARGETED_DEVICE_FAMILY = "1,2";
			};
			name = Release;
		};
		126F73A1238C90110007876E /* Debug */ = {
			isa = XCBuildConfiguration;
			baseConfigurationReference = CC7E3C72752E877C84097533 /* Pods-Review6.1.FirebasePreThanksgivingTests.debug.xcconfig */;
			buildSettings = {
				ALWAYS_EMBED_SWIFT_STANDARD_LIBRARIES = YES;
				BUNDLE_LOADER = "$(TEST_HOST)";
				CODE_SIGN_STYLE = Automatic;
				DEVELOPMENT_TEAM = 427QA2XMX6;
				INFOPLIST_FILE = Review6.1.FirebasePreThanksgivingTests/Info.plist;
				IPHONEOS_DEPLOYMENT_TARGET = 13.0;
				LD_RUNPATH_SEARCH_PATHS = (
					"$(inherited)",
					"@executable_path/Frameworks",
					"@loader_path/Frameworks",
				);
				PRODUCT_BUNDLE_IDENTIFIER = "Olimpia.Review6-1-FirebasePreThanksgivingTests";
				PRODUCT_NAME = "$(TARGET_NAME)";
				SWIFT_VERSION = 5.0;
				TARGETED_DEVICE_FAMILY = "1,2";
				TEST_HOST = "$(BUILT_PRODUCTS_DIR)/Review6.1.FirebasePreThanksgiving.app/Review6.1.FirebasePreThanksgiving";
			};
			name = Debug;
		};
		126F73A2238C90110007876E /* Release */ = {
			isa = XCBuildConfiguration;
			baseConfigurationReference = 04ED1CC1DF4E84BE6614E8A9 /* Pods-Review6.1.FirebasePreThanksgivingTests.release.xcconfig */;
			buildSettings = {
				ALWAYS_EMBED_SWIFT_STANDARD_LIBRARIES = YES;
				BUNDLE_LOADER = "$(TEST_HOST)";
				CODE_SIGN_STYLE = Automatic;
				DEVELOPMENT_TEAM = 427QA2XMX6;
				INFOPLIST_FILE = Review6.1.FirebasePreThanksgivingTests/Info.plist;
				IPHONEOS_DEPLOYMENT_TARGET = 13.0;
				LD_RUNPATH_SEARCH_PATHS = (
					"$(inherited)",
					"@executable_path/Frameworks",
					"@loader_path/Frameworks",
				);
				PRODUCT_BUNDLE_IDENTIFIER = "Olimpia.Review6-1-FirebasePreThanksgivingTests";
				PRODUCT_NAME = "$(TARGET_NAME)";
				SWIFT_VERSION = 5.0;
				TARGETED_DEVICE_FAMILY = "1,2";
				TEST_HOST = "$(BUILT_PRODUCTS_DIR)/Review6.1.FirebasePreThanksgiving.app/Review6.1.FirebasePreThanksgiving";
			};
			name = Release;
		};
/* End XCBuildConfiguration section */

/* Begin XCConfigurationList section */
		126F7379238C900D0007876E /* Build configuration list for PBXProject "Review6.1.FirebasePreThanksgiving" */ = {
			isa = XCConfigurationList;
			buildConfigurations = (
				126F739B238C90110007876E /* Debug */,
				126F739C238C90110007876E /* Release */,
			);
			defaultConfigurationIsVisible = 0;
			defaultConfigurationName = Release;
		};
		126F739D238C90110007876E /* Build configuration list for PBXNativeTarget "Review6.1.FirebasePreThanksgiving" */ = {
			isa = XCConfigurationList;
			buildConfigurations = (
				126F739E238C90110007876E /* Debug */,
				126F739F238C90110007876E /* Release */,
			);
			defaultConfigurationIsVisible = 0;
			defaultConfigurationName = Release;
		};
		126F73A0238C90110007876E /* Build configuration list for PBXNativeTarget "Review6.1.FirebasePreThanksgivingTests" */ = {
			isa = XCConfigurationList;
			buildConfigurations = (
				126F73A1238C90110007876E /* Debug */,
				126F73A2238C90110007876E /* Release */,
			);
			defaultConfigurationIsVisible = 0;
			defaultConfigurationName = Release;
		};
/* End XCConfigurationList section */
	};
	rootObject = 126F7376238C900D0007876E /* Project object */;
}
